
Microsoft Visual Studio Solution File, Format Version 12.00
# Visual Studio 14
VisualStudioVersion = 14.0.25420.1
MinimumVisualStudioVersion = 10.0.40219.1
Project("{FAE04EC0-301F-11D3-BF4B-00C04F79EFBC}") = "MVP Stock", "MVP Stock\MVP Stock.csproj", "{448CCEBE-5C8F-44D0-8C2F-AEF99CE48A3E}"
EndProject
Project("{FAE04EC0-301F-11D3-BF4B-00C04F79EFBC}") = "DomainLayer", "DomainLayer\DomainLayer.csproj", "{E83F6816-15F6-4631-B854-50414E29E439}"
EndProject
Project("{FAE04EC0-301F-11D3-BF4B-00C04F79EFBC}") = "ServicesLayer", "ServiceLayer\ServicesLayer.csproj", "{C1C78341-9081-4C82-8A46-96A009F1614C}"
EndProject
Project("{FAE04EC0-301F-11D3-BF4B-00C04F79EFBC}") = "ServicesLayer.Tests", "ServicesLayer.Tests\ServicesLayer.Tests.csproj", "{2F32BD26-2052-41E2-9660-D3BD90E7DA17}"
EndProject
Project("{FAE04EC0-301F-11D3-BF4B-00C04F79EFBC}") = "CommonComponents", "CommunComponenets\CommonComponents.csproj", "{FDB87245-3757-42EE-ACB8-E81C25E7D792}"
EndProject
Project("{FAE04EC0-301F-11D3-BF4B-00C04F79EFBC}") = "InfrastructureLayer", "InfrastructureLayer\InfrastructureLayer.csproj", "{33567B80-C111-4BFC-84AF-215878E4F55B}"
EndProject
Global
	GlobalSection(SolutionConfigurationPlatforms) = preSolution
		Debug|Any CPU = Debug|Any CPU
		Release|Any CPU = Release|Any CPU
	EndGlobalSection
	GlobalSection(ProjectConfigurationPlatforms) = postSolution
		{448CCEBE-5C8F-44D0-8C2F-AEF99CE48A3E}.Debug|Any CPU.ActiveCfg = Debug|Any CPU
		{448CCEBE-5C8F-44D0-8C2F-AEF99CE48A3E}.Debug|Any CPU.Build.0 = Debug|Any CPU
		{448CCEBE-5C8F-44D0-8C2F-AEF99CE48A3E}.Release|Any CPU.ActiveCfg = Release|Any CPU
		{448CCEBE-5C8F-44D0-8C2F-AEF99CE48A3E}.Release|Any CPU.Build.0 = Release|Any CPU
		{E83F6816-15F6-4631-B854-50414E29E439}.Debug|Any CPU.ActiveCfg = Debug|Any CPU
		{E83F6816-15F6-4631-B854-50414E29E439}.Debug|Any CPU.Build.0 = Debug|Any CPU
		{E83F6816-15F6-4631-B854-50414E29E439}.Release|Any CPU.ActiveCfg = Release|Any CPU
		{E83F6816-15F6-4631-B854-50414E29E439}.Release|Any CPU.Build.0 = Release|Any CPU
		{C1C78341-9081-4C82-8A46-96A009F1614C}.Debug|Any CPU.ActiveCfg = Debug|Any CPU
		{C1C78341-9081-4C82-8A46-96A009F1614C}.Debug|Any CPU.Build.0 = Debug|Any CPU
		{C1C78341-9081-4C82-8A46-96A009F1614C}.Release|Any CPU.ActiveCfg = Release|Any CPU
		{C1C78341-9081-4C82-8A46-96A009F1614C}.Release|Any CPU.Build.0 = Release|Any CPU
		{2F32BD26-2052-41E2-9660-D3BD90E7DA17}.Debug|Any CPU.ActiveCfg = Debug|Any CPU
		{2F32BD26-2052-41E2-9660-D3BD90E7DA17}.Debug|Any CPU.Build.0 = Debug|Any CPU
		{2F32BD26-2052-41E2-9660-D3BD90E7DA17}.Release|Any CPU.ActiveCfg = Release|Any CPU
		{2F32BD26-2052-41E2-9660-D3BD90E7DA17}.Release|Any CPU.Build.0 = Release|Any CPU
		{FDB87245-3757-42EE-ACB8-E81C25E7D792}.Debug|Any CPU.ActiveCfg = Debug|Any CPU
		{FDB87245-3757-42EE-ACB8-E81C25E7D792}.Debug|Any CPU.Build.0 = Debug|Any CPU
		{FDB87245-3757-42EE-ACB8-E81C25E7D792}.Release|Any CPU.ActiveCfg = Release|Any CPU
		{FDB87245-3757-42EE-ACB8-E81C25E7D792}.Release|Any CPU.Build.0 = Release|Any CPU
		{33567B80-C111-4BFC-84AF-215878E4F55B}.Debug|Any CPU.ActiveCfg = Debug|Any CPU
		{33567B80-C111-4BFC-84AF-215878E4F55B}.Debug|Any CPU.Build.0 = Debug|Any CPU
		{33567B80-C111-4BFC-84AF-215878E4F55B}.Release|Any CPU.ActiveCfg = Release|Any CPU
		{33567B80-C111-4BFC-84AF-215878E4F55B}.Release|Any CPU.Build.0 = Release|Any CPU
	EndGlobalSection
	GlobalSection(SolutionProperties) = preSolution
		HideSolutionNode = FALSE
	EndGlobalSection
EndGlobal
